PODS:
  - Bolts (1.7.0):
    - Bolts/AppLinks (= 1.7.0)
    - Bolts/Tasks (= 1.7.0)
  - Bolts/AppLinks (1.7.0):
    - Bolts/Tasks
  - Bolts/Tasks (1.7.0)
  - FBSDKCoreKit (4.11.0):
    - Bolts (~> 1.7)
  - FBSDKLoginKit (4.11.0):
    - FBSDKCoreKit
  - Firebase (2.5.1)
  - HMWDStarRatingView (0.4)

DEPENDENCIES:
  - FBSDKLoginKit (~> 4.11)
  - Firebase (>= 2.5.1)
  - HMWDStarRatingView (~> 0.4)

SPEC CHECKSUMS:
  Bolts: a0058fa3b331c5a1e4402d534f2dae36dbff31e4
  FBSDKCoreKit: 686ac982723a14ec9ddb85e2f81235d7706c891b
  FBSDKLoginKit: bade9fc78277764149ccc5bfaadbf13c83175c6a
  Firebase: 3565ea88b830f28f2c77ecc524622bc71a20d085
  HMWDStarRatingView: 3a711ed4f6a3abfa68e4f20b0ebd8faeea5618f2

COCOAPODS: 0.39.0
